
Microsoft Visual Studio Solution File, Format Version 12.00
# Visual Studio Version 17
VisualStudioVersion = 17.0.31903.59
MinimumVisualStudioVersion = 10.0.40219.1
Project("{2150E333-8FDC-42A3-9474-1A3956D46DE8}") = "tests", "tests", "{558BFE88-EB25-4BFA-91B8-4CFF8696CED4}"
EndProject
Project("{FAE04EC0-301F-11D3-BF4B-00C04F79EFBC}") = "NMoneys.Tests", "tests\NMoneys.Tests\NMoneys.Tests.csproj", "{0484566C-1D24-433E-90F2-B8B44BEF2FB2}"
EndProject
Project("{2150E333-8FDC-42A3-9474-1A3956D46DE8}") = "src", "src", "{6454722E-5710-44B0-8EDE-1DE92929E641}"
EndProject
Project("{FAE04EC0-301F-11D3-BF4B-00C04F79EFBC}") = "NMoneys", "src\NMoneys\NMoneys.csproj", "{891B60F6-888D-488A-89D0-6E25FE1A7883}"
EndProject
Global
	GlobalSection(SolutionConfigurationPlatforms) = preSolution
		Debug|Any CPU = Debug|Any CPU
		Release|Any CPU = Release|Any CPU
	EndGlobalSection
	GlobalSection(SolutionProperties) = preSolution
		HideSolutionNode = FALSE
	EndGlobalSection
	GlobalSection(ProjectConfigurationPlatforms) = postSolution
		{0484566C-1D24-433E-90F2-B8B44BEF2FB2}.Debug|Any CPU.ActiveCfg = Debug|Any CPU
		{0484566C-1D24-433E-90F2-B8B44BEF2FB2}.Debug|Any CPU.Build.0 = Debug|Any CPU
		{0484566C-1D24-433E-90F2-B8B44BEF2FB2}.Release|Any CPU.ActiveCfg = Release|Any CPU
		{0484566C-1D24-433E-90F2-B8B44BEF2FB2}.Release|Any CPU.Build.0 = Release|Any CPU
		{891B60F6-888D-488A-89D0-6E25FE1A7883}.Debug|Any CPU.ActiveCfg = Debug|Any CPU
		{891B60F6-888D-488A-89D0-6E25FE1A7883}.Debug|Any CPU.Build.0 = Debug|Any CPU
		{891B60F6-888D-488A-89D0-6E25FE1A7883}.Release|Any CPU.ActiveCfg = Release|Any CPU
		{891B60F6-888D-488A-89D0-6E25FE1A7883}.Release|Any CPU.Build.0 = Release|Any CPU
	EndGlobalSection
	GlobalSection(NestedProjects) = preSolution
		{0484566C-1D24-433E-90F2-B8B44BEF2FB2} = {558BFE88-EB25-4BFA-91B8-4CFF8696CED4}
		{891B60F6-888D-488A-89D0-6E25FE1A7883} = {6454722E-5710-44B0-8EDE-1DE92929E641}
	EndGlobalSection
EndGlobal
