
Microsoft Visual Studio Solution File, Format Version 11.00
# Visual Studio 2010
Project("{FAE04EC0-301F-11D3-BF4B-00C04F79EFBC}") = "NMoneys,Demo.CodeProject", "src\NMoneys,Demo.CodeProject\NMoneys,Demo.CodeProject.csproj", "{F1DC6E9C-A3A5-45E7-85D8-979F3F5616D1}"
EndProject
Project("{FAE04EC0-301F-11D3-BF4B-00C04F79EFBC}") = "NMoneys", "src\NMoneys\NMoneys.csproj", "{5408F146-6F8A-406C-9E90-292662018F72}"
EndProject
Global
	GlobalSection(SolutionConfigurationPlatforms) = preSolution
		Debug|Any CPU = Debug|Any CPU
		Release|Any CPU = Release|Any CPU
	EndGlobalSection
	GlobalSection(ProjectConfigurationPlatforms) = postSolution
		{F1DC6E9C-A3A5-45E7-85D8-979F3F5616D1}.Debug|Any CPU.ActiveCfg = Debug|Any CPU
		{F1DC6E9C-A3A5-45E7-85D8-979F3F5616D1}.Debug|Any CPU.Build.0 = Debug|Any CPU
		{F1DC6E9C-A3A5-45E7-85D8-979F3F5616D1}.Release|Any CPU.ActiveCfg = Release|Any CPU
		{F1DC6E9C-A3A5-45E7-85D8-979F3F5616D1}.Release|Any CPU.Build.0 = Release|Any CPU
		{5408F146-6F8A-406C-9E90-292662018F72}.Debug|Any CPU.ActiveCfg = Debug|Any CPU
		{5408F146-6F8A-406C-9E90-292662018F72}.Debug|Any CPU.Build.0 = Debug|Any CPU
		{5408F146-6F8A-406C-9E90-292662018F72}.Release|Any CPU.ActiveCfg = Release|Any CPU
		{5408F146-6F8A-406C-9E90-292662018F72}.Release|Any CPU.Build.0 = Release|Any CPU
	EndGlobalSection
	GlobalSection(SolutionProperties) = preSolution
		HideSolutionNode = FALSE
	EndGlobalSection
EndGlobal
