
Microsoft Visual Studio Solution File, Format Version 11.00
# Visual Studio 2010
Project("{FAE04EC0-301F-11D3-BF4B-00C04F79EFBC}") = "NMoneys", "src\NMoneys\NMoneys.csproj", "{5408F146-6F8A-406C-9E90-292662018F72}"
EndProject
Project("{FAE04EC0-301F-11D3-BF4B-00C04F79EFBC}") = "NMoneys.Tests", "src\NMoneys.Tests\NMoneys.Tests.csproj", "{2034BAF2-6337-425D-A111-4407361FC974}"
EndProject
Project("{2150E333-8FDC-42A3-9474-1A3956D46DE8}") = "Solution Items", "Solution Items", "{775196FF-CC47-4AF3-890E-53BFBC923D78}"
	ProjectSection(SolutionItems) = preProject
		NMoneys.build = NMoneys.build
		gems\NMoneys.gemspec = gems\NMoneys.gemspec
		NMoneys.nuspec = NMoneys.nuspec
		gems\VERSION = gems\VERSION
	EndProjectSection
EndProject
Global
	GlobalSection(SubversionScc) = preSolution
		Svn-Managed = True
		Manager = AnkhSVN - Subversion Support for Visual Studio
	EndGlobalSection
	GlobalSection(SolutionConfigurationPlatforms) = preSolution
		Debug|Any CPU = Debug|Any CPU
		Debug|Mixed Platforms = Debug|Mixed Platforms
		Debug|x86 = Debug|x86
		Release|Any CPU = Release|Any CPU
		Release|Mixed Platforms = Release|Mixed Platforms
		Release|x86 = Release|x86
	EndGlobalSection
	GlobalSection(ProjectConfigurationPlatforms) = postSolution
		{5408F146-6F8A-406C-9E90-292662018F72}.Debug|Any CPU.ActiveCfg = Debug|Any CPU
		{5408F146-6F8A-406C-9E90-292662018F72}.Debug|Any CPU.Build.0 = Debug|Any CPU
		{5408F146-6F8A-406C-9E90-292662018F72}.Debug|Mixed Platforms.ActiveCfg = Debug|Any CPU
		{5408F146-6F8A-406C-9E90-292662018F72}.Debug|Mixed Platforms.Build.0 = Debug|Any CPU
		{5408F146-6F8A-406C-9E90-292662018F72}.Debug|x86.ActiveCfg = Debug|Any CPU
		{5408F146-6F8A-406C-9E90-292662018F72}.Release|Any CPU.ActiveCfg = Release|Any CPU
		{5408F146-6F8A-406C-9E90-292662018F72}.Release|Any CPU.Build.0 = Release|Any CPU
		{5408F146-6F8A-406C-9E90-292662018F72}.Release|Mixed Platforms.ActiveCfg = Release|Any CPU
		{5408F146-6F8A-406C-9E90-292662018F72}.Release|Mixed Platforms.Build.0 = Release|Any CPU
		{5408F146-6F8A-406C-9E90-292662018F72}.Release|x86.ActiveCfg = Release|Any CPU
		{2034BAF2-6337-425D-A111-4407361FC974}.Debug|Any CPU.ActiveCfg = Debug|Any CPU
		{2034BAF2-6337-425D-A111-4407361FC974}.Debug|Any CPU.Build.0 = Debug|Any CPU
		{2034BAF2-6337-425D-A111-4407361FC974}.Debug|Mixed Platforms.ActiveCfg = Debug|Any CPU
		{2034BAF2-6337-425D-A111-4407361FC974}.Debug|Mixed Platforms.Build.0 = Debug|Any CPU
		{2034BAF2-6337-425D-A111-4407361FC974}.Debug|x86.ActiveCfg = Debug|Any CPU
		{2034BAF2-6337-425D-A111-4407361FC974}.Release|Any CPU.ActiveCfg = Release|Any CPU
		{2034BAF2-6337-425D-A111-4407361FC974}.Release|Any CPU.Build.0 = Release|Any CPU
		{2034BAF2-6337-425D-A111-4407361FC974}.Release|Mixed Platforms.ActiveCfg = Release|Any CPU
		{2034BAF2-6337-425D-A111-4407361FC974}.Release|Mixed Platforms.Build.0 = Release|Any CPU
		{2034BAF2-6337-425D-A111-4407361FC974}.Release|x86.ActiveCfg = Release|Any CPU
	EndGlobalSection
	GlobalSection(SolutionProperties) = preSolution
		HideSolutionNode = FALSE
	EndGlobalSection
EndGlobal
