
Microsoft Visual Studio Solution File, Format Version 11.00
# Visual Studio 2010
Project("{FAE04EC0-301F-11D3-BF4B-00C04F79EFBC}") = "NMoneys", "src\NMoneys\NMoneys.csproj", "{5408F146-6F8A-406C-9E90-292662018F72}"
EndProject
Project("{FAE04EC0-301F-11D3-BF4B-00C04F79EFBC}") = "NMoneys.Tests", "src\NMoneys.Tests\NMoneys.Tests.csproj", "{2034BAF2-6337-425D-A111-4407361FC974}"
EndProject
Project("{2150E333-8FDC-42A3-9474-1A3956D46DE8}") = "Solution Items", "Solution Items", "{775196FF-CC47-4AF3-890E-53BFBC923D78}"
	ProjectSection(SolutionItems) = preProject
		NMoneys.build = NMoneys.build
		NMoneys.Exchange.nuspec = NMoneys.Exchange.nuspec
		NMoneys.nuspec = NMoneys.nuspec
		NMoneys.Serialization.Json_NET.nuspec = NMoneys.Serialization.Json_NET.nuspec
		gems\VERSION = gems\VERSION
		gems\VERSION.Exchange = gems\VERSION.Exchange
	EndProjectSection
EndProject
Project("{FAE04EC0-301F-11D3-BF4B-00C04F79EFBC}") = "NMoneys.Exchange", "src\NMoneys.Exchange\NMoneys.Exchange.csproj", "{8C7ADB2F-BD47-4235-BA7C-B9328D54D1C2}"
EndProject
Project("{FAE04EC0-301F-11D3-BF4B-00C04F79EFBC}") = "NMoneys.Exchange.Tests", "src\NMoneys.Exchange.Tests\NMoneys.Exchange.Tests.csproj", "{EDEFC425-4EE1-432A-B2CF-835088E5DEBF}"
EndProject
Project("{FAE04EC0-301F-11D3-BF4B-00C04F79EFBC}") = "NMoneys.Serialization.Json_NET", "src\NMoneys.Serialization.Json_NET\NMoneys.Serialization.Json_NET.csproj", "{A30FA2A1-CE95-4CA9-A786-8C5616F98B57}"
EndProject
Project("{FAE04EC0-301F-11D3-BF4B-00C04F79EFBC}") = "NMoneys.Serialization.Tests", "src\NMoneys.Serialization.Tests\NMoneys.Serialization.Tests.csproj", "{407F2075-27A6-485F-9CD0-FC392043C9E5}"
EndProject
Global
	GlobalSection(SubversionScc) = preSolution
		Svn-Managed = True
		Manager = AnkhSVN - Subversion Support for Visual Studio
	EndGlobalSection
	GlobalSection(SolutionConfigurationPlatforms) = preSolution
		Debug|Any CPU = Debug|Any CPU
		Debug|Mixed Platforms = Debug|Mixed Platforms
		Debug|x86 = Debug|x86
		Release|Any CPU = Release|Any CPU
		Release|Mixed Platforms = Release|Mixed Platforms
		Release|x86 = Release|x86
	EndGlobalSection
	GlobalSection(ProjectConfigurationPlatforms) = postSolution
		{5408F146-6F8A-406C-9E90-292662018F72}.Debug|Any CPU.ActiveCfg = Debug|Any CPU
		{5408F146-6F8A-406C-9E90-292662018F72}.Debug|Any CPU.Build.0 = Debug|Any CPU
		{5408F146-6F8A-406C-9E90-292662018F72}.Debug|Mixed Platforms.ActiveCfg = Debug|Any CPU
		{5408F146-6F8A-406C-9E90-292662018F72}.Debug|Mixed Platforms.Build.0 = Debug|Any CPU
		{5408F146-6F8A-406C-9E90-292662018F72}.Debug|x86.ActiveCfg = Debug|Any CPU
		{5408F146-6F8A-406C-9E90-292662018F72}.Release|Any CPU.ActiveCfg = Release|Any CPU
		{5408F146-6F8A-406C-9E90-292662018F72}.Release|Any CPU.Build.0 = Release|Any CPU
		{5408F146-6F8A-406C-9E90-292662018F72}.Release|Mixed Platforms.ActiveCfg = Release|Any CPU
		{5408F146-6F8A-406C-9E90-292662018F72}.Release|Mixed Platforms.Build.0 = Release|Any CPU
		{5408F146-6F8A-406C-9E90-292662018F72}.Release|x86.ActiveCfg = Release|Any CPU
		{2034BAF2-6337-425D-A111-4407361FC974}.Debug|Any CPU.ActiveCfg = Debug|Any CPU
		{2034BAF2-6337-425D-A111-4407361FC974}.Debug|Any CPU.Build.0 = Debug|Any CPU
		{2034BAF2-6337-425D-A111-4407361FC974}.Debug|Mixed Platforms.ActiveCfg = Debug|Any CPU
		{2034BAF2-6337-425D-A111-4407361FC974}.Debug|Mixed Platforms.Build.0 = Debug|Any CPU
		{2034BAF2-6337-425D-A111-4407361FC974}.Debug|x86.ActiveCfg = Debug|Any CPU
		{2034BAF2-6337-425D-A111-4407361FC974}.Release|Any CPU.ActiveCfg = Release|Any CPU
		{2034BAF2-6337-425D-A111-4407361FC974}.Release|Any CPU.Build.0 = Release|Any CPU
		{2034BAF2-6337-425D-A111-4407361FC974}.Release|Mixed Platforms.ActiveCfg = Release|Any CPU
		{2034BAF2-6337-425D-A111-4407361FC974}.Release|Mixed Platforms.Build.0 = Release|Any CPU
		{2034BAF2-6337-425D-A111-4407361FC974}.Release|x86.ActiveCfg = Release|Any CPU
		{8C7ADB2F-BD47-4235-BA7C-B9328D54D1C2}.Debug|Any CPU.ActiveCfg = Debug|Any CPU
		{8C7ADB2F-BD47-4235-BA7C-B9328D54D1C2}.Debug|Any CPU.Build.0 = Debug|Any CPU
		{8C7ADB2F-BD47-4235-BA7C-B9328D54D1C2}.Debug|Mixed Platforms.ActiveCfg = Debug|Any CPU
		{8C7ADB2F-BD47-4235-BA7C-B9328D54D1C2}.Debug|Mixed Platforms.Build.0 = Debug|Any CPU
		{8C7ADB2F-BD47-4235-BA7C-B9328D54D1C2}.Debug|x86.ActiveCfg = Debug|Any CPU
		{8C7ADB2F-BD47-4235-BA7C-B9328D54D1C2}.Release|Any CPU.ActiveCfg = Release|Any CPU
		{8C7ADB2F-BD47-4235-BA7C-B9328D54D1C2}.Release|Any CPU.Build.0 = Release|Any CPU
		{8C7ADB2F-BD47-4235-BA7C-B9328D54D1C2}.Release|Mixed Platforms.ActiveCfg = Release|Any CPU
		{8C7ADB2F-BD47-4235-BA7C-B9328D54D1C2}.Release|Mixed Platforms.Build.0 = Release|Any CPU
		{8C7ADB2F-BD47-4235-BA7C-B9328D54D1C2}.Release|x86.ActiveCfg = Release|Any CPU
		{EDEFC425-4EE1-432A-B2CF-835088E5DEBF}.Debug|Any CPU.ActiveCfg = Debug|Any CPU
		{EDEFC425-4EE1-432A-B2CF-835088E5DEBF}.Debug|Any CPU.Build.0 = Debug|Any CPU
		{EDEFC425-4EE1-432A-B2CF-835088E5DEBF}.Debug|Mixed Platforms.ActiveCfg = Debug|Any CPU
		{EDEFC425-4EE1-432A-B2CF-835088E5DEBF}.Debug|Mixed Platforms.Build.0 = Debug|Any CPU
		{EDEFC425-4EE1-432A-B2CF-835088E5DEBF}.Debug|x86.ActiveCfg = Debug|Any CPU
		{EDEFC425-4EE1-432A-B2CF-835088E5DEBF}.Release|Any CPU.ActiveCfg = Release|Any CPU
		{EDEFC425-4EE1-432A-B2CF-835088E5DEBF}.Release|Any CPU.Build.0 = Release|Any CPU
		{EDEFC425-4EE1-432A-B2CF-835088E5DEBF}.Release|Mixed Platforms.ActiveCfg = Release|Any CPU
		{EDEFC425-4EE1-432A-B2CF-835088E5DEBF}.Release|Mixed Platforms.Build.0 = Release|Any CPU
		{EDEFC425-4EE1-432A-B2CF-835088E5DEBF}.Release|x86.ActiveCfg = Release|Any CPU
		{A30FA2A1-CE95-4CA9-A786-8C5616F98B57}.Debug|Any CPU.ActiveCfg = Debug|Any CPU
		{A30FA2A1-CE95-4CA9-A786-8C5616F98B57}.Debug|Any CPU.Build.0 = Debug|Any CPU
		{A30FA2A1-CE95-4CA9-A786-8C5616F98B57}.Debug|Mixed Platforms.ActiveCfg = Debug|Any CPU
		{A30FA2A1-CE95-4CA9-A786-8C5616F98B57}.Debug|Mixed Platforms.Build.0 = Debug|Any CPU
		{A30FA2A1-CE95-4CA9-A786-8C5616F98B57}.Debug|x86.ActiveCfg = Debug|Any CPU
		{A30FA2A1-CE95-4CA9-A786-8C5616F98B57}.Release|Any CPU.ActiveCfg = Release|Any CPU
		{A30FA2A1-CE95-4CA9-A786-8C5616F98B57}.Release|Any CPU.Build.0 = Release|Any CPU
		{A30FA2A1-CE95-4CA9-A786-8C5616F98B57}.Release|Mixed Platforms.ActiveCfg = Release|Any CPU
		{A30FA2A1-CE95-4CA9-A786-8C5616F98B57}.Release|Mixed Platforms.Build.0 = Release|Any CPU
		{A30FA2A1-CE95-4CA9-A786-8C5616F98B57}.Release|x86.ActiveCfg = Release|Any CPU
		{407F2075-27A6-485F-9CD0-FC392043C9E5}.Debug|Any CPU.ActiveCfg = Debug|Any CPU
		{407F2075-27A6-485F-9CD0-FC392043C9E5}.Debug|Any CPU.Build.0 = Debug|Any CPU
		{407F2075-27A6-485F-9CD0-FC392043C9E5}.Debug|Mixed Platforms.ActiveCfg = Debug|Any CPU
		{407F2075-27A6-485F-9CD0-FC392043C9E5}.Debug|Mixed Platforms.Build.0 = Debug|Any CPU
		{407F2075-27A6-485F-9CD0-FC392043C9E5}.Debug|x86.ActiveCfg = Debug|Any CPU
		{407F2075-27A6-485F-9CD0-FC392043C9E5}.Release|Any CPU.ActiveCfg = Release|Any CPU
		{407F2075-27A6-485F-9CD0-FC392043C9E5}.Release|Any CPU.Build.0 = Release|Any CPU
		{407F2075-27A6-485F-9CD0-FC392043C9E5}.Release|Mixed Platforms.ActiveCfg = Release|Any CPU
		{407F2075-27A6-485F-9CD0-FC392043C9E5}.Release|Mixed Platforms.Build.0 = Release|Any CPU
		{407F2075-27A6-485F-9CD0-FC392043C9E5}.Release|x86.ActiveCfg = Release|Any CPU
	EndGlobalSection
	GlobalSection(SolutionProperties) = preSolution
		HideSolutionNode = FALSE
	EndGlobalSection
EndGlobal
